
Microsoft Visual Studio Solution File, Format Version 12.00
# Visual Studio Version 17
VisualStudioVersion = 17.4.33213.308
MinimumVisualStudioVersion = 10.0.40219.1
Project("{8BC9CEB8-8B4A-11D0-8D11-00A0C91BC942}") = "ndisapi.dll", "ndisapi.dll\ndisapidll.vcxproj", "{B6004DA5-A081-4FF8-9D3C-7438530B8CF6}"
EndProject
Project("{8BC9CEB8-8B4A-11D0-8D11-00A0C91BC942}") = "ndisapi.lib", "ndisapi.lib\ndisapilib.vcxproj", "{7833A548-6556-4728-A28B-4F59C12CD8E7}"
EndProject
Project("{8BC9CEB8-8B4A-11D0-8D11-00A0C91BC942}") = "ndisapi.net", "ndisapi.net\ndisapicl.vcxproj", "{4403C695-9939-4402-9EAB-43E88CF47997}"
EndProject
Project("{2150E333-8FDC-42A3-9474-1A3956D46DE8}") = "examples", "examples", "{BACE34D5-298C-42E3-84F6-28C689E469E1}"
EndProject
Project("{2150E333-8FDC-42A3-9474-1A3956D46DE8}") = "lib", "lib", "{A7DF5839-29D7-4F6B-9CFE-6AD9AFD884CE}"
EndProject
Project("{8BC9CEB8-8B4A-11D0-8D11-00A0C91BC942}") = "dnstrace", "examples\cpp\dnstrace\dnstrace.vcxproj", "{D0BB9E0A-F561-47C6-94C2-6CF68817F251}"
	ProjectSection(ProjectDependencies) = postProject
		{7833A548-6556-4728-A28B-4F59C12CD8E7} = {7833A548-6556-4728-A28B-4F59C12CD8E7}
	EndProjectSection
EndProject
Project("{8BC9CEB8-8B4A-11D0-8D11-00A0C91BC942}") = "ebridge", "examples\cpp\ethernet_bridge\ebridge.vcxproj", "{39D26CA7-DCD7-4BE0-A97A-18940BAF0AD8}"
	ProjectSection(ProjectDependencies) = postProject
		{7833A548-6556-4728-A28B-4F59C12CD8E7} = {7833A548-6556-4728-A28B-4F59C12CD8E7}
	EndProjectSection
EndProject
Project("{FAE04EC0-301F-11D3-BF4B-00C04F79EFBC}") = "TestDotNet", "examples\dotNet\TestDotNet\TestDotNet.csproj", "{C5AD5596-0073-4453-B8DE-63659B9F0004}"
EndProject
Project("{8BC9CEB8-8B4A-11D0-8D11-00A0C91BC942}") = "sni_inspector", "examples\cpp\sni_inspector\sni_inspector.vcxproj", "{74C8277F-1507-45D7-B95A-1DC9E04C932A}"
	ProjectSection(ProjectDependencies) = postProject
		{7833A548-6556-4728-A28B-4F59C12CD8E7} = {7833A548-6556-4728-A28B-4F59C12CD8E7}
	EndProjectSection
EndProject
Project("{8BC9CEB8-8B4A-11D0-8D11-00A0C91BC942}") = "ipv6_parser", "examples\cpp\ipv6_parser\ipv6_parser.vcxproj", "{B3074F8E-D987-43C8-AE76-589A57DCF7CF}"
	ProjectSection(ProjectDependencies) = postProject
		{7833A548-6556-4728-A28B-4F59C12CD8E7} = {7833A548-6556-4728-A28B-4F59C12CD8E7}
	EndProjectSection
EndProject
Project("{8BC9CEB8-8B4A-11D0-8D11-00A0C91BC942}") = "capture", "examples\cpp\capture\capture.vcxproj", "{BB2DF044-0B37-4335-B705-3CA6BA95514F}"
	ProjectSection(ProjectDependencies) = postProject
		{7833A548-6556-4728-A28B-4F59C12CD8E7} = {7833A548-6556-4728-A28B-4F59C12CD8E7}
	EndProjectSection
EndProject
Project("{8BC9CEB8-8B4A-11D0-8D11-00A0C91BC942}") = "dns_proxy", "examples\cpp\dns_proxy\dns_proxy.vcxproj", "{3C0FDE50-2F34-447A-B453-A2720C125563}"
	ProjectSection(ProjectDependencies) = postProject
		{7833A548-6556-4728-A28B-4F59C12CD8E7} = {7833A548-6556-4728-A28B-4F59C12CD8E7}
	EndProjectSection
EndProject
Project("{2150E333-8FDC-42A3-9474-1A3956D46DE8}") = "C++", "C++", "{0239936A-C2D5-4F21-8494-BCA4B893911F}"
EndProject
Project("{2150E333-8FDC-42A3-9474-1A3956D46DE8}") = "dotNet", "dotNet", "{A402BC8B-B32C-4851-B4A2-B8B84C0721E9}"
EndProject
Project("{8BC9CEB8-8B4A-11D0-8D11-00A0C91BC942}") = "socksify", "examples\cpp\socksify\socksify.vcxproj", "{E20B38ED-BA56-4ED0-A06D-76396F2857D1}"
	ProjectSection(ProjectDependencies) = postProject
		{7833A548-6556-4728-A28B-4F59C12CD8E7} = {7833A548-6556-4728-A28B-4F59C12CD8E7}
	EndProjectSection
EndProject
Project("{2150E333-8FDC-42A3-9474-1A3956D46DE8}") = "Solution Items", "Solution Items", "{ECFD3EDE-84DB-454B-A294-9177AACF94A3}"
	ProjectSection(SolutionItems) = preProject
		README.md = README.md
	EndProjectSection
EndProject
Project("{8BC9CEB8-8B4A-11D0-8D11-00A0C91BC942}") = "udp2tcp", "examples\cpp\udp2tcp\udp2tcp.vcxproj", "{DAB189FD-2137-4947-A215-CB714EF875DF}"
	ProjectSection(ProjectDependencies) = postProject
		{7833A548-6556-4728-A28B-4F59C12CD8E7} = {7833A548-6556-4728-A28B-4F59C12CD8E7}
	EndProjectSection
EndProject
Project("{8BC9CEB8-8B4A-11D0-8D11-00A0C91BC942}") = "rebind", "examples\cpp\rebind\rebind.vcxproj", "{23F95304-9B53-4513-BA4F-4F388F9A8AF8}"
	ProjectSection(ProjectDependencies) = postProject
		{7833A548-6556-4728-A28B-4F59C12CD8E7} = {7833A548-6556-4728-A28B-4F59C12CD8E7}
	EndProjectSection
EndProject
Project("{8BC9CEB8-8B4A-11D0-8D11-00A0C91BC942}") = "pcapplusplus", "examples\cpp\pcapplusplus\pcapplusplus.vcxproj", "{139FD3A5-D0F3-4068-81C9-A94FB58DC626}"
	ProjectSection(ProjectDependencies) = postProject
		{B6004DA5-A081-4FF8-9D3C-7438530B8CF6} = {B6004DA5-A081-4FF8-9D3C-7438530B8CF6}
	EndProjectSection
EndProject
Project("{8BC9CEB8-8B4A-11D0-8D11-00A0C91BC942}") = "hyperscan", "examples\cpp\hyperscan\hyperscan.vcxproj", "{F9BAFDFC-851F-40F2-B3D9-20ABFC23DD68}"
	ProjectSection(ProjectDependencies) = postProject
		{B6004DA5-A081-4FF8-9D3C-7438530B8CF6} = {B6004DA5-A081-4FF8-9D3C-7438530B8CF6}
	EndProjectSection
EndProject
Global
	GlobalSection(SolutionConfigurationPlatforms) = preSolution
		Debug|ARM64 = Debug|ARM64
		Debug|x64 = Debug|x64
		Debug|x86 = Debug|x86
		Release|ARM64 = Release|ARM64
		Release|x64 = Release|x64
		Release|x86 = Release|x86
	EndGlobalSection
	GlobalSection(ProjectConfigurationPlatforms) = postSolution
		{B6004DA5-A081-4FF8-9D3C-7438530B8CF6}.Debug|ARM64.ActiveCfg = Debug|ARM64
		{B6004DA5-A081-4FF8-9D3C-7438530B8CF6}.Debug|ARM64.Build.0 = Debug|ARM64
		{B6004DA5-A081-4FF8-9D3C-7438530B8CF6}.Debug|x64.ActiveCfg = Debug|x64
		{B6004DA5-A081-4FF8-9D3C-7438530B8CF6}.Debug|x64.Build.0 = Debug|x64
		{B6004DA5-A081-4FF8-9D3C-7438530B8CF6}.Debug|x86.ActiveCfg = Debug|Win32
		{B6004DA5-A081-4FF8-9D3C-7438530B8CF6}.Debug|x86.Build.0 = Debug|Win32
		{B6004DA5-A081-4FF8-9D3C-7438530B8CF6}.Release|ARM64.ActiveCfg = Release|ARM64
		{B6004DA5-A081-4FF8-9D3C-7438530B8CF6}.Release|ARM64.Build.0 = Release|ARM64
		{B6004DA5-A081-4FF8-9D3C-7438530B8CF6}.Release|x64.ActiveCfg = Release|x64
		{B6004DA5-A081-4FF8-9D3C-7438530B8CF6}.Release|x64.Build.0 = Release|x64
		{B6004DA5-A081-4FF8-9D3C-7438530B8CF6}.Release|x86.ActiveCfg = Release|Win32
		{B6004DA5-A081-4FF8-9D3C-7438530B8CF6}.Release|x86.Build.0 = Release|Win32
		{7833A548-6556-4728-A28B-4F59C12CD8E7}.Debug|ARM64.ActiveCfg = Debug|ARM64
		{7833A548-6556-4728-A28B-4F59C12CD8E7}.Debug|ARM64.Build.0 = Debug|ARM64
		{7833A548-6556-4728-A28B-4F59C12CD8E7}.Debug|x64.ActiveCfg = Debug|x64
		{7833A548-6556-4728-A28B-4F59C12CD8E7}.Debug|x64.Build.0 = Debug|x64
		{7833A548-6556-4728-A28B-4F59C12CD8E7}.Debug|x86.ActiveCfg = Debug|Win32
		{7833A548-6556-4728-A28B-4F59C12CD8E7}.Debug|x86.Build.0 = Debug|Win32
		{7833A548-6556-4728-A28B-4F59C12CD8E7}.Release|ARM64.ActiveCfg = Release|ARM64
		{7833A548-6556-4728-A28B-4F59C12CD8E7}.Release|ARM64.Build.0 = Release|ARM64
		{7833A548-6556-4728-A28B-4F59C12CD8E7}.Release|x64.ActiveCfg = Release|x64
		{7833A548-6556-4728-A28B-4F59C12CD8E7}.Release|x64.Build.0 = Release|x64
		{7833A548-6556-4728-A28B-4F59C12CD8E7}.Release|x86.ActiveCfg = Release|Win32
		{7833A548-6556-4728-A28B-4F59C12CD8E7}.Release|x86.Build.0 = Release|Win32
		{4403C695-9939-4402-9EAB-43E88CF47997}.Debug|ARM64.ActiveCfg = Debug|ARM64
		{4403C695-9939-4402-9EAB-43E88CF47997}.Debug|ARM64.Build.0 = Debug|ARM64
		{4403C695-9939-4402-9EAB-43E88CF47997}.Debug|x64.ActiveCfg = Debug|x64
		{4403C695-9939-4402-9EAB-43E88CF47997}.Debug|x64.Build.0 = Debug|x64
		{4403C695-9939-4402-9EAB-43E88CF47997}.Debug|x86.ActiveCfg = Debug|Win32
		{4403C695-9939-4402-9EAB-43E88CF47997}.Debug|x86.Build.0 = Debug|Win32
		{4403C695-9939-4402-9EAB-43E88CF47997}.Release|ARM64.ActiveCfg = Release|ARM64
		{4403C695-9939-4402-9EAB-43E88CF47997}.Release|ARM64.Build.0 = Release|ARM64
		{4403C695-9939-4402-9EAB-43E88CF47997}.Release|x64.ActiveCfg = Release|x64
		{4403C695-9939-4402-9EAB-43E88CF47997}.Release|x64.Build.0 = Release|x64
		{4403C695-9939-4402-9EAB-43E88CF47997}.Release|x86.ActiveCfg = Release|Win32
		{4403C695-9939-4402-9EAB-43E88CF47997}.Release|x86.Build.0 = Release|Win32
		{D0BB9E0A-F561-47C6-94C2-6CF68817F251}.Debug|ARM64.ActiveCfg = Debug|ARM64
		{D0BB9E0A-F561-47C6-94C2-6CF68817F251}.Debug|ARM64.Build.0 = Debug|ARM64
		{D0BB9E0A-F561-47C6-94C2-6CF68817F251}.Debug|x64.ActiveCfg = Debug|x64
		{D0BB9E0A-F561-47C6-94C2-6CF68817F251}.Debug|x64.Build.0 = Debug|x64
		{D0BB9E0A-F561-47C6-94C2-6CF68817F251}.Debug|x86.ActiveCfg = Debug|Win32
		{D0BB9E0A-F561-47C6-94C2-6CF68817F251}.Debug|x86.Build.0 = Debug|Win32
		{D0BB9E0A-F561-47C6-94C2-6CF68817F251}.Release|ARM64.ActiveCfg = Release|ARM64
		{D0BB9E0A-F561-47C6-94C2-6CF68817F251}.Release|ARM64.Build.0 = Release|ARM64
		{D0BB9E0A-F561-47C6-94C2-6CF68817F251}.Release|x64.ActiveCfg = Release|x64
		{D0BB9E0A-F561-47C6-94C2-6CF68817F251}.Release|x64.Build.0 = Release|x64
		{D0BB9E0A-F561-47C6-94C2-6CF68817F251}.Release|x86.ActiveCfg = Release|Win32
		{D0BB9E0A-F561-47C6-94C2-6CF68817F251}.Release|x86.Build.0 = Release|Win32
		{39D26CA7-DCD7-4BE0-A97A-18940BAF0AD8}.Debug|ARM64.ActiveCfg = Debug|ARM64
		{39D26CA7-DCD7-4BE0-A97A-18940BAF0AD8}.Debug|ARM64.Build.0 = Debug|ARM64
		{39D26CA7-DCD7-4BE0-A97A-18940BAF0AD8}.Debug|x64.ActiveCfg = Debug|x64
		{39D26CA7-DCD7-4BE0-A97A-18940BAF0AD8}.Debug|x64.Build.0 = Debug|x64
		{39D26CA7-DCD7-4BE0-A97A-18940BAF0AD8}.Debug|x86.ActiveCfg = Debug|Win32
		{39D26CA7-DCD7-4BE0-A97A-18940BAF0AD8}.Debug|x86.Build.0 = Debug|Win32
		{39D26CA7-DCD7-4BE0-A97A-18940BAF0AD8}.Release|ARM64.ActiveCfg = Release|ARM64
		{39D26CA7-DCD7-4BE0-A97A-18940BAF0AD8}.Release|ARM64.Build.0 = Release|ARM64
		{39D26CA7-DCD7-4BE0-A97A-18940BAF0AD8}.Release|x64.ActiveCfg = Release|x64
		{39D26CA7-DCD7-4BE0-A97A-18940BAF0AD8}.Release|x64.Build.0 = Release|x64
		{39D26CA7-DCD7-4BE0-A97A-18940BAF0AD8}.Release|x86.ActiveCfg = Release|Win32
		{39D26CA7-DCD7-4BE0-A97A-18940BAF0AD8}.Release|x86.Build.0 = Release|Win32
		{C5AD5596-0073-4453-B8DE-63659B9F0004}.Debug|ARM64.ActiveCfg = Debug|ARM64
		{C5AD5596-0073-4453-B8DE-63659B9F0004}.Debug|ARM64.Build.0 = Debug|ARM64
		{C5AD5596-0073-4453-B8DE-63659B9F0004}.Debug|x64.ActiveCfg = Debug|x64
		{C5AD5596-0073-4453-B8DE-63659B9F0004}.Debug|x64.Build.0 = Debug|x64
		{C5AD5596-0073-4453-B8DE-63659B9F0004}.Debug|x86.ActiveCfg = Debug|x86
		{C5AD5596-0073-4453-B8DE-63659B9F0004}.Debug|x86.Build.0 = Debug|x86
		{C5AD5596-0073-4453-B8DE-63659B9F0004}.Release|ARM64.ActiveCfg = Release|ARM64
		{C5AD5596-0073-4453-B8DE-63659B9F0004}.Release|ARM64.Build.0 = Release|ARM64
		{C5AD5596-0073-4453-B8DE-63659B9F0004}.Release|x64.ActiveCfg = Release|x64
		{C5AD5596-0073-4453-B8DE-63659B9F0004}.Release|x64.Build.0 = Release|x64
		{C5AD5596-0073-4453-B8DE-63659B9F0004}.Release|x86.ActiveCfg = Release|x86
		{C5AD5596-0073-4453-B8DE-63659B9F0004}.Release|x86.Build.0 = Release|x86
		{74C8277F-1507-45D7-B95A-1DC9E04C932A}.Debug|ARM64.ActiveCfg = Debug|ARM64
		{74C8277F-1507-45D7-B95A-1DC9E04C932A}.Debug|ARM64.Build.0 = Debug|ARM64
		{74C8277F-1507-45D7-B95A-1DC9E04C932A}.Debug|x64.ActiveCfg = Debug|x64
		{74C8277F-1507-45D7-B95A-1DC9E04C932A}.Debug|x64.Build.0 = Debug|x64
		{74C8277F-1507-45D7-B95A-1DC9E04C932A}.Debug|x86.ActiveCfg = Debug|Win32
		{74C8277F-1507-45D7-B95A-1DC9E04C932A}.Debug|x86.Build.0 = Debug|Win32
		{74C8277F-1507-45D7-B95A-1DC9E04C932A}.Release|ARM64.ActiveCfg = Release|ARM64
		{74C8277F-1507-45D7-B95A-1DC9E04C932A}.Release|ARM64.Build.0 = Release|ARM64
		{74C8277F-1507-45D7-B95A-1DC9E04C932A}.Release|x64.ActiveCfg = Release|x64
		{74C8277F-1507-45D7-B95A-1DC9E04C932A}.Release|x64.Build.0 = Release|x64
		{74C8277F-1507-45D7-B95A-1DC9E04C932A}.Release|x86.ActiveCfg = Release|Win32
		{74C8277F-1507-45D7-B95A-1DC9E04C932A}.Release|x86.Build.0 = Release|Win32
		{B3074F8E-D987-43C8-AE76-589A57DCF7CF}.Debug|ARM64.ActiveCfg = Debug|ARM64
		{B3074F8E-D987-43C8-AE76-589A57DCF7CF}.Debug|ARM64.Build.0 = Debug|ARM64
		{B3074F8E-D987-43C8-AE76-589A57DCF7CF}.Debug|x64.ActiveCfg = Debug|x64
		{B3074F8E-D987-43C8-AE76-589A57DCF7CF}.Debug|x64.Build.0 = Debug|x64
		{B3074F8E-D987-43C8-AE76-589A57DCF7CF}.Debug|x86.ActiveCfg = Debug|Win32
		{B3074F8E-D987-43C8-AE76-589A57DCF7CF}.Debug|x86.Build.0 = Debug|Win32
		{B3074F8E-D987-43C8-AE76-589A57DCF7CF}.Release|ARM64.ActiveCfg = Release|ARM64
		{B3074F8E-D987-43C8-AE76-589A57DCF7CF}.Release|ARM64.Build.0 = Release|ARM64
		{B3074F8E-D987-43C8-AE76-589A57DCF7CF}.Release|x64.ActiveCfg = Release|x64
		{B3074F8E-D987-43C8-AE76-589A57DCF7CF}.Release|x64.Build.0 = Release|x64
		{B3074F8E-D987-43C8-AE76-589A57DCF7CF}.Release|x86.ActiveCfg = Release|Win32
		{B3074F8E-D987-43C8-AE76-589A57DCF7CF}.Release|x86.Build.0 = Release|Win32
		{BB2DF044-0B37-4335-B705-3CA6BA95514F}.Debug|ARM64.ActiveCfg = Debug|ARM64
		{BB2DF044-0B37-4335-B705-3CA6BA95514F}.Debug|ARM64.Build.0 = Debug|ARM64
		{BB2DF044-0B37-4335-B705-3CA6BA95514F}.Debug|x64.ActiveCfg = Debug|x64
		{BB2DF044-0B37-4335-B705-3CA6BA95514F}.Debug|x64.Build.0 = Debug|x64
		{BB2DF044-0B37-4335-B705-3CA6BA95514F}.Debug|x86.ActiveCfg = Debug|Win32
		{BB2DF044-0B37-4335-B705-3CA6BA95514F}.Debug|x86.Build.0 = Debug|Win32
		{BB2DF044-0B37-4335-B705-3CA6BA95514F}.Release|ARM64.ActiveCfg = Release|ARM64
		{BB2DF044-0B37-4335-B705-3CA6BA95514F}.Release|ARM64.Build.0 = Release|ARM64
		{BB2DF044-0B37-4335-B705-3CA6BA95514F}.Release|x64.ActiveCfg = Release|x64
		{BB2DF044-0B37-4335-B705-3CA6BA95514F}.Release|x64.Build.0 = Release|x64
		{BB2DF044-0B37-4335-B705-3CA6BA95514F}.Release|x86.ActiveCfg = Release|Win32
		{BB2DF044-0B37-4335-B705-3CA6BA95514F}.Release|x86.Build.0 = Release|Win32
		{3C0FDE50-2F34-447A-B453-A2720C125563}.Debug|ARM64.ActiveCfg = Debug|ARM64
		{3C0FDE50-2F34-447A-B453-A2720C125563}.Debug|ARM64.Build.0 = Debug|ARM64
		{3C0FDE50-2F34-447A-B453-A2720C125563}.Debug|x64.ActiveCfg = Debug|x64
		{3C0FDE50-2F34-447A-B453-A2720C125563}.Debug|x64.Build.0 = Debug|x64
		{3C0FDE50-2F34-447A-B453-A2720C125563}.Debug|x86.ActiveCfg = Debug|Win32
		{3C0FDE50-2F34-447A-B453-A2720C125563}.Debug|x86.Build.0 = Debug|Win32
		{3C0FDE50-2F34-447A-B453-A2720C125563}.Release|ARM64.ActiveCfg = Release|ARM64
		{3C0FDE50-2F34-447A-B453-A2720C125563}.Release|ARM64.Build.0 = Release|ARM64
		{3C0FDE50-2F34-447A-B453-A2720C125563}.Release|x64.ActiveCfg = Release|x64
		{3C0FDE50-2F34-447A-B453-A2720C125563}.Release|x64.Build.0 = Release|x64
		{3C0FDE50-2F34-447A-B453-A2720C125563}.Release|x86.ActiveCfg = Release|Win32
		{3C0FDE50-2F34-447A-B453-A2720C125563}.Release|x86.Build.0 = Release|Win32
		{E20B38ED-BA56-4ED0-A06D-76396F2857D1}.Debug|ARM64.ActiveCfg = Debug|ARM64
		{E20B38ED-BA56-4ED0-A06D-76396F2857D1}.Debug|ARM64.Build.0 = Debug|ARM64
		{E20B38ED-BA56-4ED0-A06D-76396F2857D1}.Debug|x64.ActiveCfg = Debug|x64
		{E20B38ED-BA56-4ED0-A06D-76396F2857D1}.Debug|x64.Build.0 = Debug|x64
		{E20B38ED-BA56-4ED0-A06D-76396F2857D1}.Debug|x86.ActiveCfg = Debug|Win32
		{E20B38ED-BA56-4ED0-A06D-76396F2857D1}.Debug|x86.Build.0 = Debug|Win32
		{E20B38ED-BA56-4ED0-A06D-76396F2857D1}.Release|ARM64.ActiveCfg = Release|ARM64
		{E20B38ED-BA56-4ED0-A06D-76396F2857D1}.Release|ARM64.Build.0 = Release|ARM64
		{E20B38ED-BA56-4ED0-A06D-76396F2857D1}.Release|x64.ActiveCfg = Release|x64
		{E20B38ED-BA56-4ED0-A06D-76396F2857D1}.Release|x64.Build.0 = Release|x64
		{E20B38ED-BA56-4ED0-A06D-76396F2857D1}.Release|x86.ActiveCfg = Release|Win32
		{E20B38ED-BA56-4ED0-A06D-76396F2857D1}.Release|x86.Build.0 = Release|Win32
		{DAB189FD-2137-4947-A215-CB714EF875DF}.Debug|ARM64.ActiveCfg = Debug|ARM64
		{DAB189FD-2137-4947-A215-CB714EF875DF}.Debug|ARM64.Build.0 = Debug|ARM64
		{DAB189FD-2137-4947-A215-CB714EF875DF}.Debug|x64.ActiveCfg = Debug|x64
		{DAB189FD-2137-4947-A215-CB714EF875DF}.Debug|x64.Build.0 = Debug|x64
		{DAB189FD-2137-4947-A215-CB714EF875DF}.Debug|x86.ActiveCfg = Debug|Win32
		{DAB189FD-2137-4947-A215-CB714EF875DF}.Debug|x86.Build.0 = Debug|Win32
		{DAB189FD-2137-4947-A215-CB714EF875DF}.Release|ARM64.ActiveCfg = Release|ARM64
		{DAB189FD-2137-4947-A215-CB714EF875DF}.Release|ARM64.Build.0 = Release|ARM64
		{DAB189FD-2137-4947-A215-CB714EF875DF}.Release|x64.ActiveCfg = Release|x64
		{DAB189FD-2137-4947-A215-CB714EF875DF}.Release|x64.Build.0 = Release|x64
		{DAB189FD-2137-4947-A215-CB714EF875DF}.Release|x86.ActiveCfg = Release|Win32
		{DAB189FD-2137-4947-A215-CB714EF875DF}.Release|x86.Build.0 = Release|Win32
		{23F95304-9B53-4513-BA4F-4F388F9A8AF8}.Debug|ARM64.ActiveCfg = Debug|ARM64
		{23F95304-9B53-4513-BA4F-4F388F9A8AF8}.Debug|ARM64.Build.0 = Debug|ARM64
		{23F95304-9B53-4513-BA4F-4F388F9A8AF8}.Debug|x64.ActiveCfg = Debug|x64
		{23F95304-9B53-4513-BA4F-4F388F9A8AF8}.Debug|x64.Build.0 = Debug|x64
		{23F95304-9B53-4513-BA4F-4F388F9A8AF8}.Debug|x86.ActiveCfg = Debug|Win32
		{23F95304-9B53-4513-BA4F-4F388F9A8AF8}.Debug|x86.Build.0 = Debug|Win32
		{23F95304-9B53-4513-BA4F-4F388F9A8AF8}.Release|ARM64.ActiveCfg = Release|ARM64
		{23F95304-9B53-4513-BA4F-4F388F9A8AF8}.Release|ARM64.Build.0 = Release|ARM64
		{23F95304-9B53-4513-BA4F-4F388F9A8AF8}.Release|x64.ActiveCfg = Release|x64
		{23F95304-9B53-4513-BA4F-4F388F9A8AF8}.Release|x64.Build.0 = Release|x64
		{23F95304-9B53-4513-BA4F-4F388F9A8AF8}.Release|x86.ActiveCfg = Release|Win32
		{23F95304-9B53-4513-BA4F-4F388F9A8AF8}.Release|x86.Build.0 = Release|Win32
		{139FD3A5-D0F3-4068-81C9-A94FB58DC626}.Debug|ARM64.ActiveCfg = Debug|ARM64
		{139FD3A5-D0F3-4068-81C9-A94FB58DC626}.Debug|x64.ActiveCfg = Debug|x64
		{139FD3A5-D0F3-4068-81C9-A94FB58DC626}.Debug|x64.Build.0 = Debug|x64
		{139FD3A5-D0F3-4068-81C9-A94FB58DC626}.Debug|x86.ActiveCfg = Debug|Win32
		{139FD3A5-D0F3-4068-81C9-A94FB58DC626}.Debug|x86.Build.0 = Debug|Win32
		{139FD3A5-D0F3-4068-81C9-A94FB58DC626}.Release|ARM64.ActiveCfg = Release|ARM64
		{139FD3A5-D0F3-4068-81C9-A94FB58DC626}.Release|x64.ActiveCfg = Release|x64
		{139FD3A5-D0F3-4068-81C9-A94FB58DC626}.Release|x64.Build.0 = Release|x64
		{139FD3A5-D0F3-4068-81C9-A94FB58DC626}.Release|x86.ActiveCfg = Release|Win32
		{139FD3A5-D0F3-4068-81C9-A94FB58DC626}.Release|x86.Build.0 = Release|Win32
		{F9BAFDFC-851F-40F2-B3D9-20ABFC23DD68}.Debug|ARM64.ActiveCfg = Debug|ARM64
		{F9BAFDFC-851F-40F2-B3D9-20ABFC23DD68}.Debug|x64.ActiveCfg = Debug|x64
		{F9BAFDFC-851F-40F2-B3D9-20ABFC23DD68}.Debug|x64.Build.0 = Debug|x64
		{F9BAFDFC-851F-40F2-B3D9-20ABFC23DD68}.Debug|x86.ActiveCfg = Debug|Win32
		{F9BAFDFC-851F-40F2-B3D9-20ABFC23DD68}.Debug|x86.Build.0 = Debug|Win32
		{F9BAFDFC-851F-40F2-B3D9-20ABFC23DD68}.Release|ARM64.ActiveCfg = Release|ARM64
		{F9BAFDFC-851F-40F2-B3D9-20ABFC23DD68}.Release|x64.ActiveCfg = Release|x64
		{F9BAFDFC-851F-40F2-B3D9-20ABFC23DD68}.Release|x64.Build.0 = Release|x64
		{F9BAFDFC-851F-40F2-B3D9-20ABFC23DD68}.Release|x86.ActiveCfg = Release|Win32
		{F9BAFDFC-851F-40F2-B3D9-20ABFC23DD68}.Release|x86.Build.0 = Release|Win32
	EndGlobalSection
	GlobalSection(SolutionProperties) = preSolution
		HideSolutionNode = FALSE
	EndGlobalSection
	GlobalSection(NestedProjects) = preSolution
		{B6004DA5-A081-4FF8-9D3C-7438530B8CF6} = {A7DF5839-29D7-4F6B-9CFE-6AD9AFD884CE}
		{7833A548-6556-4728-A28B-4F59C12CD8E7} = {A7DF5839-29D7-4F6B-9CFE-6AD9AFD884CE}
		{4403C695-9939-4402-9EAB-43E88CF47997} = {A7DF5839-29D7-4F6B-9CFE-6AD9AFD884CE}
		{D0BB9E0A-F561-47C6-94C2-6CF68817F251} = {0239936A-C2D5-4F21-8494-BCA4B893911F}
		{39D26CA7-DCD7-4BE0-A97A-18940BAF0AD8} = {0239936A-C2D5-4F21-8494-BCA4B893911F}
		{C5AD5596-0073-4453-B8DE-63659B9F0004} = {A402BC8B-B32C-4851-B4A2-B8B84C0721E9}
		{74C8277F-1507-45D7-B95A-1DC9E04C932A} = {0239936A-C2D5-4F21-8494-BCA4B893911F}
		{B3074F8E-D987-43C8-AE76-589A57DCF7CF} = {0239936A-C2D5-4F21-8494-BCA4B893911F}
		{BB2DF044-0B37-4335-B705-3CA6BA95514F} = {0239936A-C2D5-4F21-8494-BCA4B893911F}
		{3C0FDE50-2F34-447A-B453-A2720C125563} = {0239936A-C2D5-4F21-8494-BCA4B893911F}
		{0239936A-C2D5-4F21-8494-BCA4B893911F} = {BACE34D5-298C-42E3-84F6-28C689E469E1}
		{A402BC8B-B32C-4851-B4A2-B8B84C0721E9} = {BACE34D5-298C-42E3-84F6-28C689E469E1}
		{E20B38ED-BA56-4ED0-A06D-76396F2857D1} = {0239936A-C2D5-4F21-8494-BCA4B893911F}
		{DAB189FD-2137-4947-A215-CB714EF875DF} = {0239936A-C2D5-4F21-8494-BCA4B893911F}
		{23F95304-9B53-4513-BA4F-4F388F9A8AF8} = {0239936A-C2D5-4F21-8494-BCA4B893911F}
		{139FD3A5-D0F3-4068-81C9-A94FB58DC626} = {0239936A-C2D5-4F21-8494-BCA4B893911F}
		{F9BAFDFC-851F-40F2-B3D9-20ABFC23DD68} = {0239936A-C2D5-4F21-8494-BCA4B893911F}
	EndGlobalSection
	GlobalSection(ExtensibilityGlobals) = postSolution
		SolutionGuid = {F27A9BD3-2781-4A72-AB94-EC892968DD7C}
	EndGlobalSection
EndGlobal
