
Microsoft Visual Studio Solution File, Format Version 12.00
# Visual Studio 15
VisualStudioVersion = 15.0.27130.2027
MinimumVisualStudioVersion = 10.0.40219.1
Project("{8BC9CEB8-8B4A-11D0-8D11-00A0C91BC942}") = "ndisapi.dll", "ndisapi.dll\ndisapidll.vcxproj", "{B6004DA5-A081-4FF8-9D3C-7438530B8CF6}"
EndProject
Project("{8BC9CEB8-8B4A-11D0-8D11-00A0C91BC942}") = "ndisapi.lib", "ndisapi.lib\ndisapilib.vcxproj", "{7833A548-6556-4728-A28B-4F59C12CD8E7}"
EndProject
Project("{8BC9CEB8-8B4A-11D0-8D11-00A0C91BC942}") = "ndisapi.net", "ndisapi.net\ndisapicl.vcxproj", "{4403C695-9939-4402-9EAB-43E88CF47997}"
EndProject
Project("{8BC9CEB8-8B4A-11D0-8D11-00A0C91BC942}") = "dnstrace", "examples\dnstrace\dnstrace\dnstrace.vcxproj", "{D0BB9E0A-F561-47C6-94C2-6CF68817F251}"
	ProjectSection(ProjectDependencies) = postProject
		{7833A548-6556-4728-A28B-4F59C12CD8E7} = {7833A548-6556-4728-A28B-4F59C12CD8E7}
		{B6004DA5-A081-4FF8-9D3C-7438530B8CF6} = {B6004DA5-A081-4FF8-9D3C-7438530B8CF6}
	EndProjectSection
EndProject
Project("{2150E333-8FDC-42A3-9474-1A3956D46DE8}") = "examples", "examples", "{BACE34D5-298C-42E3-84F6-28C689E469E1}"
EndProject
Project("{2150E333-8FDC-42A3-9474-1A3956D46DE8}") = "lib", "lib", "{A7DF5839-29D7-4F6B-9CFE-6AD9AFD884CE}"
EndProject
Project("{FAE04EC0-301F-11D3-BF4B-00C04F79EFBC}") = "TestDotNet", "examples\TestDotNet\TestDotNet.csproj", "{C5AD5596-0073-4453-B8DE-63659B9F0004}"
	ProjectSection(ProjectDependencies) = postProject
		{4403C695-9939-4402-9EAB-43E88CF47997} = {4403C695-9939-4402-9EAB-43E88CF47997}
	EndProjectSection
EndProject
Project("{8BC9CEB8-8B4A-11D0-8D11-00A0C91BC942}") = "ebridge", "examples\ethernet_bridge\ebridge.vcxproj", "{39D26CA7-DCD7-4BE0-A97A-18940BAF0AD8}"
	ProjectSection(ProjectDependencies) = postProject
		{7833A548-6556-4728-A28B-4F59C12CD8E7} = {7833A548-6556-4728-A28B-4F59C12CD8E7}
	EndProjectSection
EndProject
Global
	GlobalSection(SolutionConfigurationPlatforms) = preSolution
		Debug DLL|x64 = Debug DLL|x64
		Debug DLL|x86 = Debug DLL|x86
		Debug|x64 = Debug|x64
		Debug|x86 = Debug|x86
		Release DLL|x64 = Release DLL|x64
		Release DLL|x86 = Release DLL|x86
		Release|x64 = Release|x64
		Release|x86 = Release|x86
	EndGlobalSection
	GlobalSection(ProjectConfigurationPlatforms) = postSolution
		{B6004DA5-A081-4FF8-9D3C-7438530B8CF6}.Debug DLL|x64.ActiveCfg = Debug|x64
		{B6004DA5-A081-4FF8-9D3C-7438530B8CF6}.Debug DLL|x64.Build.0 = Debug|x64
		{B6004DA5-A081-4FF8-9D3C-7438530B8CF6}.Debug DLL|x86.ActiveCfg = Debug|Win32
		{B6004DA5-A081-4FF8-9D3C-7438530B8CF6}.Debug DLL|x86.Build.0 = Debug|Win32
		{B6004DA5-A081-4FF8-9D3C-7438530B8CF6}.Debug|x64.ActiveCfg = Debug|x64
		{B6004DA5-A081-4FF8-9D3C-7438530B8CF6}.Debug|x64.Build.0 = Debug|x64
		{B6004DA5-A081-4FF8-9D3C-7438530B8CF6}.Debug|x86.ActiveCfg = Debug|Win32
		{B6004DA5-A081-4FF8-9D3C-7438530B8CF6}.Debug|x86.Build.0 = Debug|Win32
		{B6004DA5-A081-4FF8-9D3C-7438530B8CF6}.Release DLL|x64.ActiveCfg = Release|x64
		{B6004DA5-A081-4FF8-9D3C-7438530B8CF6}.Release DLL|x64.Build.0 = Release|x64
		{B6004DA5-A081-4FF8-9D3C-7438530B8CF6}.Release DLL|x86.ActiveCfg = Release|Win32
		{B6004DA5-A081-4FF8-9D3C-7438530B8CF6}.Release DLL|x86.Build.0 = Release|Win32
		{B6004DA5-A081-4FF8-9D3C-7438530B8CF6}.Release|x64.ActiveCfg = Release|x64
		{B6004DA5-A081-4FF8-9D3C-7438530B8CF6}.Release|x64.Build.0 = Release|x64
		{B6004DA5-A081-4FF8-9D3C-7438530B8CF6}.Release|x86.ActiveCfg = Release|Win32
		{B6004DA5-A081-4FF8-9D3C-7438530B8CF6}.Release|x86.Build.0 = Release|Win32
		{7833A548-6556-4728-A28B-4F59C12CD8E7}.Debug DLL|x64.ActiveCfg = Debug|x64
		{7833A548-6556-4728-A28B-4F59C12CD8E7}.Debug DLL|x64.Build.0 = Debug|x64
		{7833A548-6556-4728-A28B-4F59C12CD8E7}.Debug DLL|x86.ActiveCfg = Debug|Win32
		{7833A548-6556-4728-A28B-4F59C12CD8E7}.Debug DLL|x86.Build.0 = Debug|Win32
		{7833A548-6556-4728-A28B-4F59C12CD8E7}.Debug|x64.ActiveCfg = Debug|x64
		{7833A548-6556-4728-A28B-4F59C12CD8E7}.Debug|x64.Build.0 = Debug|x64
		{7833A548-6556-4728-A28B-4F59C12CD8E7}.Debug|x86.ActiveCfg = Debug|Win32
		{7833A548-6556-4728-A28B-4F59C12CD8E7}.Debug|x86.Build.0 = Debug|Win32
		{7833A548-6556-4728-A28B-4F59C12CD8E7}.Release DLL|x64.ActiveCfg = Release|x64
		{7833A548-6556-4728-A28B-4F59C12CD8E7}.Release DLL|x64.Build.0 = Release|x64
		{7833A548-6556-4728-A28B-4F59C12CD8E7}.Release DLL|x86.ActiveCfg = Release|Win32
		{7833A548-6556-4728-A28B-4F59C12CD8E7}.Release DLL|x86.Build.0 = Release|Win32
		{7833A548-6556-4728-A28B-4F59C12CD8E7}.Release|x64.ActiveCfg = Release|x64
		{7833A548-6556-4728-A28B-4F59C12CD8E7}.Release|x64.Build.0 = Release|x64
		{7833A548-6556-4728-A28B-4F59C12CD8E7}.Release|x86.ActiveCfg = Release|Win32
		{7833A548-6556-4728-A28B-4F59C12CD8E7}.Release|x86.Build.0 = Release|Win32
		{4403C695-9939-4402-9EAB-43E88CF47997}.Debug DLL|x64.ActiveCfg = Debug|x64
		{4403C695-9939-4402-9EAB-43E88CF47997}.Debug DLL|x64.Build.0 = Debug|x64
		{4403C695-9939-4402-9EAB-43E88CF47997}.Debug DLL|x86.ActiveCfg = Debug|Win32
		{4403C695-9939-4402-9EAB-43E88CF47997}.Debug DLL|x86.Build.0 = Debug|Win32
		{4403C695-9939-4402-9EAB-43E88CF47997}.Debug|x64.ActiveCfg = Debug|x64
		{4403C695-9939-4402-9EAB-43E88CF47997}.Debug|x64.Build.0 = Debug|x64
		{4403C695-9939-4402-9EAB-43E88CF47997}.Debug|x86.ActiveCfg = Debug|Win32
		{4403C695-9939-4402-9EAB-43E88CF47997}.Debug|x86.Build.0 = Debug|Win32
		{4403C695-9939-4402-9EAB-43E88CF47997}.Release DLL|x64.ActiveCfg = Release|x64
		{4403C695-9939-4402-9EAB-43E88CF47997}.Release DLL|x64.Build.0 = Release|x64
		{4403C695-9939-4402-9EAB-43E88CF47997}.Release DLL|x86.ActiveCfg = Release|Win32
		{4403C695-9939-4402-9EAB-43E88CF47997}.Release DLL|x86.Build.0 = Release|Win32
		{4403C695-9939-4402-9EAB-43E88CF47997}.Release|x64.ActiveCfg = Release|x64
		{4403C695-9939-4402-9EAB-43E88CF47997}.Release|x64.Build.0 = Release|x64
		{4403C695-9939-4402-9EAB-43E88CF47997}.Release|x86.ActiveCfg = Release|Win32
		{4403C695-9939-4402-9EAB-43E88CF47997}.Release|x86.Build.0 = Release|Win32
		{D0BB9E0A-F561-47C6-94C2-6CF68817F251}.Debug DLL|x64.ActiveCfg = Debug DLL|x64
		{D0BB9E0A-F561-47C6-94C2-6CF68817F251}.Debug DLL|x64.Build.0 = Debug DLL|x64
		{D0BB9E0A-F561-47C6-94C2-6CF68817F251}.Debug DLL|x86.ActiveCfg = Debug DLL|Win32
		{D0BB9E0A-F561-47C6-94C2-6CF68817F251}.Debug DLL|x86.Build.0 = Debug DLL|Win32
		{D0BB9E0A-F561-47C6-94C2-6CF68817F251}.Debug|x64.ActiveCfg = Debug|x64
		{D0BB9E0A-F561-47C6-94C2-6CF68817F251}.Debug|x64.Build.0 = Debug|x64
		{D0BB9E0A-F561-47C6-94C2-6CF68817F251}.Debug|x86.ActiveCfg = Debug|Win32
		{D0BB9E0A-F561-47C6-94C2-6CF68817F251}.Debug|x86.Build.0 = Debug|Win32
		{D0BB9E0A-F561-47C6-94C2-6CF68817F251}.Release DLL|x64.ActiveCfg = Release DLL|x64
		{D0BB9E0A-F561-47C6-94C2-6CF68817F251}.Release DLL|x64.Build.0 = Release DLL|x64
		{D0BB9E0A-F561-47C6-94C2-6CF68817F251}.Release DLL|x86.ActiveCfg = Release DLL|Win32
		{D0BB9E0A-F561-47C6-94C2-6CF68817F251}.Release DLL|x86.Build.0 = Release DLL|Win32
		{D0BB9E0A-F561-47C6-94C2-6CF68817F251}.Release|x64.ActiveCfg = Release|x64
		{D0BB9E0A-F561-47C6-94C2-6CF68817F251}.Release|x64.Build.0 = Release|x64
		{D0BB9E0A-F561-47C6-94C2-6CF68817F251}.Release|x86.ActiveCfg = Release|Win32
		{D0BB9E0A-F561-47C6-94C2-6CF68817F251}.Release|x86.Build.0 = Release|Win32
		{C5AD5596-0073-4453-B8DE-63659B9F0004}.Debug DLL|x64.ActiveCfg = Debug|x64
		{C5AD5596-0073-4453-B8DE-63659B9F0004}.Debug DLL|x64.Build.0 = Debug|x64
		{C5AD5596-0073-4453-B8DE-63659B9F0004}.Debug DLL|x86.ActiveCfg = Debug|x86
		{C5AD5596-0073-4453-B8DE-63659B9F0004}.Debug DLL|x86.Build.0 = Debug|x86
		{C5AD5596-0073-4453-B8DE-63659B9F0004}.Debug|x64.ActiveCfg = Debug|x64
		{C5AD5596-0073-4453-B8DE-63659B9F0004}.Debug|x64.Build.0 = Debug|x64
		{C5AD5596-0073-4453-B8DE-63659B9F0004}.Debug|x86.ActiveCfg = Debug|x86
		{C5AD5596-0073-4453-B8DE-63659B9F0004}.Debug|x86.Build.0 = Debug|x86
		{C5AD5596-0073-4453-B8DE-63659B9F0004}.Release DLL|x64.ActiveCfg = Release|x64
		{C5AD5596-0073-4453-B8DE-63659B9F0004}.Release DLL|x64.Build.0 = Release|x64
		{C5AD5596-0073-4453-B8DE-63659B9F0004}.Release DLL|x86.ActiveCfg = Release|x86
		{C5AD5596-0073-4453-B8DE-63659B9F0004}.Release DLL|x86.Build.0 = Release|x86
		{C5AD5596-0073-4453-B8DE-63659B9F0004}.Release|x64.ActiveCfg = Release|x64
		{C5AD5596-0073-4453-B8DE-63659B9F0004}.Release|x64.Build.0 = Release|x64
		{C5AD5596-0073-4453-B8DE-63659B9F0004}.Release|x86.ActiveCfg = Release|x86
		{C5AD5596-0073-4453-B8DE-63659B9F0004}.Release|x86.Build.0 = Release|x86
		{39D26CA7-DCD7-4BE0-A97A-18940BAF0AD8}.Debug DLL|x64.ActiveCfg = Debug|x64
		{39D26CA7-DCD7-4BE0-A97A-18940BAF0AD8}.Debug DLL|x64.Build.0 = Debug|x64
		{39D26CA7-DCD7-4BE0-A97A-18940BAF0AD8}.Debug DLL|x86.ActiveCfg = Debug|Win32
		{39D26CA7-DCD7-4BE0-A97A-18940BAF0AD8}.Debug DLL|x86.Build.0 = Debug|Win32
		{39D26CA7-DCD7-4BE0-A97A-18940BAF0AD8}.Debug|x64.ActiveCfg = Debug|x64
		{39D26CA7-DCD7-4BE0-A97A-18940BAF0AD8}.Debug|x64.Build.0 = Debug|x64
		{39D26CA7-DCD7-4BE0-A97A-18940BAF0AD8}.Debug|x86.ActiveCfg = Debug|Win32
		{39D26CA7-DCD7-4BE0-A97A-18940BAF0AD8}.Debug|x86.Build.0 = Debug|Win32
		{39D26CA7-DCD7-4BE0-A97A-18940BAF0AD8}.Release DLL|x64.ActiveCfg = Release|x64
		{39D26CA7-DCD7-4BE0-A97A-18940BAF0AD8}.Release DLL|x64.Build.0 = Release|x64
		{39D26CA7-DCD7-4BE0-A97A-18940BAF0AD8}.Release DLL|x86.ActiveCfg = Release|Win32
		{39D26CA7-DCD7-4BE0-A97A-18940BAF0AD8}.Release DLL|x86.Build.0 = Release|Win32
		{39D26CA7-DCD7-4BE0-A97A-18940BAF0AD8}.Release|x64.ActiveCfg = Release|x64
		{39D26CA7-DCD7-4BE0-A97A-18940BAF0AD8}.Release|x64.Build.0 = Release|x64
		{39D26CA7-DCD7-4BE0-A97A-18940BAF0AD8}.Release|x86.ActiveCfg = Release|Win32
		{39D26CA7-DCD7-4BE0-A97A-18940BAF0AD8}.Release|x86.Build.0 = Release|Win32
	EndGlobalSection
	GlobalSection(SolutionProperties) = preSolution
		HideSolutionNode = FALSE
	EndGlobalSection
	GlobalSection(NestedProjects) = preSolution
		{B6004DA5-A081-4FF8-9D3C-7438530B8CF6} = {A7DF5839-29D7-4F6B-9CFE-6AD9AFD884CE}
		{7833A548-6556-4728-A28B-4F59C12CD8E7} = {A7DF5839-29D7-4F6B-9CFE-6AD9AFD884CE}
		{4403C695-9939-4402-9EAB-43E88CF47997} = {A7DF5839-29D7-4F6B-9CFE-6AD9AFD884CE}
		{D0BB9E0A-F561-47C6-94C2-6CF68817F251} = {BACE34D5-298C-42E3-84F6-28C689E469E1}
		{C5AD5596-0073-4453-B8DE-63659B9F0004} = {BACE34D5-298C-42E3-84F6-28C689E469E1}
		{39D26CA7-DCD7-4BE0-A97A-18940BAF0AD8} = {BACE34D5-298C-42E3-84F6-28C689E469E1}
	EndGlobalSection
	GlobalSection(ExtensibilityGlobals) = postSolution
		SolutionGuid = {F27A9BD3-2781-4A72-AB94-EC892968DD7C}
	EndGlobalSection
EndGlobal
