<?xml version="1.0" encoding="utf-8"?>
<Project ToolsVersion="4.0" xmlns="http://schemas.microsoft.com/developer/msbuild/2003">
  <ItemGroup>
    <Filter Include="Source Files">
      <UniqueIdentifier>{4FC737F1-C7A5-4376-A066-2A32D752A2FF}</UniqueIdentifier>
      <Extensions>cpp;c;cc;cxx;c++;cppm;ixx;def;odl;idl;hpj;bat;asm;asmx</Extensions>
    </Filter>
    <Filter Include="Header Files">
      <UniqueIdentifier>{93995380-89BD-4b04-88EB-625FBE52EBFB}</UniqueIdentifier>
      <Extensions>h;hh;hpp;hxx;h++;hm;inl;inc;ipp;xsd</Extensions>
    </Filter>
    <Filter Include="Resource Files">
      <UniqueIdentifier>{67DA6AB6-F800-4c08-8B7A-83BB121AAD01}</UniqueIdentifier>
      <Extensions>rc;ico;cur;bmp;dlg;rc2;rct;bin;rgs;gif;jpg;jpeg;jpe;resx;tiff;tif;png;wav;mfcribbon-ms</Extensions>
    </Filter>
    <Filter Include="Header Files\common">
      <UniqueIdentifier>{25864d8f-a290-4062-b452-9f1490202192}</UniqueIdentifier>
    </Filter>
    <Filter Include="Header Files\common\ndisapi">
      <UniqueIdentifier>{418f2a31-cc4e-4d65-913d-309b1e5f2c31}</UniqueIdentifier>
    </Filter>
    <Filter Include="Header Files\common\iphelper">
      <UniqueIdentifier>{8545995d-8fc7-4763-8b43-3bf586db635d}</UniqueIdentifier>
    </Filter>
    <Filter Include="Header Files\common\winsys">
      <UniqueIdentifier>{31776040-4792-49fa-bd6f-843789f0807b}</UniqueIdentifier>
    </Filter>
    <Filter Include="Header Files\common\net">
      <UniqueIdentifier>{58bd7a97-2bed-4d0d-b86e-b4297e662218}</UniqueIdentifier>
    </Filter>
    <Filter Include="Header Files\common\pcap">
      <UniqueIdentifier>{db1b4cc4-4b6b-4172-9bf1-2b998be91cc6}</UniqueIdentifier>
    </Filter>
  </ItemGroup>
  <ItemGroup>
    <ClCompile Include="udp2tcp.cpp">
      <Filter>Source Files</Filter>
    </ClCompile>
    <ClCompile Include="pch.cpp">
      <Filter>Source Files</Filter>
    </ClCompile>
  </ItemGroup>
  <ItemGroup>
    <ClInclude Include="pch.h">
      <Filter>Header Files</Filter>
    </ClInclude>
    <ClInclude Include="..\common\ndisapi\simple_packet_filter.h">
      <Filter>Header Files\common\ndisapi</Filter>
    </ClInclude>
    <ClInclude Include="..\common\iphelper\network_adapter_info.h">
      <Filter>Header Files\common\iphelper</Filter>
    </ClInclude>
    <ClInclude Include="..\common\winsys\event.h">
      <Filter>Header Files\common\winsys</Filter>
    </ClInclude>
    <ClInclude Include="..\common\winsys\object.h">
      <Filter>Header Files\common\winsys</Filter>
    </ClInclude>
    <ClInclude Include="..\common\pcap\pcap.h">
      <Filter>Header Files\common\pcap</Filter>
    </ClInclude>
    <ClInclude Include="..\common\pcap\pcap_file_storage.h">
      <Filter>Header Files\common\pcap</Filter>
    </ClInclude>
    <ClInclude Include="..\common\net\ip_address.h">
      <Filter>Header Files\common\net</Filter>
    </ClInclude>
    <ClInclude Include="..\common\net\ip_subnet.h">
      <Filter>Header Files\common\net</Filter>
    </ClInclude>
    <ClInclude Include="..\common\net\mac_address.h">
      <Filter>Header Files\common\net</Filter>
    </ClInclude>
    <ClInclude Include="..\common\ndisapi\network_adapter.h">
      <Filter>Header Files\common\ndisapi</Filter>
    </ClInclude>
    <ClInclude Include="..\common\iphlp.h">
      <Filter>Header Files\common</Filter>
    </ClInclude>
  </ItemGroup>
  <ItemGroup>
    <None Include="README.md" />
    <None Include="vcpkg.json" />
    <None Include="vcpkg-configuration.json" />
  </ItemGroup>
</Project>